// !$*UTF8*$!
{
	archiveVersion = 1;
	classes = {
	};
	objectVersion = 46;
	objects = {

/* Begin PBXBuildFile section */
		FE769FEB1B4F796E0097A2F9 /* AppDelegate.swift in Sources */ = {isa = PBXBuildFile; fileRef = FE769FEA1B4F796E0097A2F9 /* AppDelegate.swift */; };
		FE769FEE1B4F796E0097A2F9 /* gittest.xcdatamodeld in Sources */ = {isa = PBXBuildFile; fileRef = FE769FEC1B4F796E0097A2F9 /* gittest.xcdatamodeld */; };
		FE769FF01B4F796E0097A2F9 /* ViewController.swift in Sources */ = {isa = PBXBuildFile; fileRef = FE769FEF1B4F796E0097A2F9 /* ViewController.swift */; };
		FE769FF31B4F796E0097A2F9 /* Main.storyboard in Resources */ = {isa = PBXBuildFile; fileRef = FE769FF11B4F796E0097A2F9 /* Main.storyboard */; };
		FE769FF51B4F796E0097A2F9 /* Images.xcassets in Resources */ = {isa = PBXBuildFile; fileRef = FE769FF41B4F796E0097A2F9 /* Images.xcassets */; };
		FE769FF81B4F796E0097A2F9 /* LaunchScreen.xib in Resources */ = {isa = PBXBuildFile; fileRef = FE769FF61B4F796E0097A2F9 /* LaunchScreen.xib */; };
		FE76A0041B4F796E0097A2F9 /* gittestTests.swift in Sources */ = {isa = PBXBuildFile; fileRef = FE76A0031B4F796E0097A2F9 /* gittestTests.swift */; };
/* End PBXBuildFile section */

/* Begin PBXContainerItemProxy section */
		FE769FFE1B4F796E0097A2F9 /* PBXContainerItemProxy */ = {
			isa = PBXContainerItemProxy;
			containerPortal = FE769FDD1B4F796E0097A2F9 /* Project object */;
			proxyType = 1;
			remoteGlobalIDString = FE769FE41B4F796E0097A2F9;
			remoteInfo = gittest;
		};
/* End PBXContainerItemProxy section */

/* Begin PBXFileReference section */
		FE769FE51B4F796E0097A2F9 /* gittest.app */ = {isa = PBXFileReference; explicitFileType = wrapper.application; includeInIndex = 0; path = gittest.app; sourceTree = BUILT_PRODUCTS_DIR; };
		FE769FE91B4F796E0097A2F9 /* Info.plist */ = {isa = PBXFileReference; lastKnownFileType = text.plist.xml; path = Info.plist; sourceTree = "<group>"; };
		FE769FEA1B4F796E0097A2F9 /* AppDelegate.swift */ = {isa = PBXFileReference; lastKnownFileType = sourcecode.swift; path = AppDelegate.swift; sourceTree = "<group>"; };
		FE769FED1B4F796E0097A2F9 /* gittest.xcdatamodel */ = {isa = PBXFileReference; lastKnownFileType = wrapper.xcdatamodel; path = gittest.xcdatamodel; sourceTree = "<group>"; };
		FE769FEF1B4F796E0097A2F9 /* ViewController.swift */ = {isa = PBXFileReference; lastKnownFileType = sourcecode.swift; path = ViewController.swift; sourceTree = "<group>"; };
		FE769FF21B4F796E0097A2F9 /* Base */ = {isa = PBXFileReference; lastKnownFileType = file.storyboard; name = Base; path = Base.lproj/Main.storyboard; sourceTree = "<group>"; };
		FE769FF41B4F796E0097A2F9 /* Images.xcassets */ = {isa = PBXFileReference; lastKnownFileType = folder.assetcatalog; path = Images.xcassets; sourceTree = "<group>"; };
		FE769FF71B4F796E0097A2F9 /* Base */ = {isa = PBXFileReference; lastKnownFileType = file.xib; name = Base; path = Base.lproj/LaunchScreen.xib; sourceTree = "<group>"; };
		FE769FFD1B4F796E0097A2F9 /* gittestTests.xctest */ = {isa = PBXFileReference; explicitFileType = wrapper.cfbundle; includeInIndex = 0; path = gittestTests.xctest; sourceTree = BUILT_PRODUCTS_DIR; };
		FE76A0021B4F796E0097A2F9 /* Info.plist */ = {isa = PBXFileReference; lastKnownFileType = text.plist.xml; path = Info.plist; sourceTree = "<group>"; };
		FE76A0031B4F796E0097A2F9 /* gittestTests.swift */ = {isa = PBXFileReference; lastKnownFileType = sourcecode.swift; path = gittestTests.swift; sourceTree = "<group>"; };
/* End PBXFileReference section */

/* Begin PBXFrameworksBuildPhase section */
		FE769FE21B4F796E0097A2F9 /* Frameworks */ = {
			isa = PBXFrameworksBuildPhase;
			buildActionMask = 2147483647;
			files = (
			);
			runOnlyForDeploymentPostprocessing = 0;
		};
		FE769FFA1B4F796E0097A2F9 /* Frameworks */ = {
			isa = PBXFrameworksBuildPhase;
			buildActionMask = 2147483647;
			files = (
			);
			runOnlyForDeploymentPostprocessing = 0;
		};
/* End PBXFrameworksBuildPhase section */

/* Begin PBXGroup section */
		FE769FDC1B4F796E0097A2F9 = {
			isa = PBXGroup;
			children = (
				FE769FE71B4F796E0097A2F9 /* gittest */,
				FE76A0001B4F796E0097A2F9 /* gittestTests */,
				FE769FE61B4F796E0097A2F9 /* Products */,
			);
			sourceTree = "<group>";
		};
		FE769FE61B4F796E0097A2F9 /* Products */ = {
			isa = PBXGroup;
			children = (
				FE769FE51B4F796E0097A2F9 /* gittest.app */,
				FE769FFD1B4F796E0097A2F9 /* gittestTests.xctest */,
			);
			name = Products;
			sourceTree = "<group>";
		};
		FE769FE71B4F796E0097A2F9 /* gittest */ = {
			isa = PBXGroup;
			children = (
				FE769FEA1B4F796E0097A2F9 /* AppDelegate.swift */,
				FE769FEF1B4F796E0097A2F9 /* ViewController.swift */,
				FE769FF11B4F796E0097A2F9 /* Main.storyboard */,
				FE769FF41B4F796E0097A2F9 /* Images.xcassets */,
				FE769FF61B4F796E0097A2F9 /* LaunchScreen.xib */,
				FE769FEC1B4F796E0097A2F9 /* gittest.xcdatamodeld */,
				FE769FE81B4F796E0097A2F9 /* Supporting Files */,
			);
			path = gittest;
			sourceTree = "<group>";
		};
		FE769FE81B4F796E0097A2F9 /* Supporting Files */ = {
			isa = PBXGroup;
			children = (
				FE769FE91B4F796E0097A2F9 /* Info.plist */,
			);
			name = "Supporting Files";
			sourceTree = "<group>";
		};
		FE76A0001B4F796E0097A2F9 /* gittestTests */ = {
			isa = PBXGroup;
			children = (
				FE76A0031B4F796E0097A2F9 /* gittestTests.swift */,
				FE76A0011B4F796E0097A2F9 /* Supporting Files */,
			);
			path = gittestTests;
			sourceTree = "<group>";
		};
		FE76A0011B4F796E0097A2F9 /* Supporting Files */ = {
			isa = PBXGroup;
			children = (
				FE76A0021B4F796E0097A2F9 /* Info.plist */,
			);
			name = "Supporting Files";
			sourceTree = "<group>";
		};
/* End PBXGroup section */

/* Begin PBXNativeTarget section */
		FE769FE41B4F796E0097A2F9 /* gittest */ = {
			isa = PBXNativeTarget;
			buildConfigurationList = FE76A0071B4F796E0097A2F9 /* Build configuration list for PBXNativeTarget "gittest" */;
			buildPhases = (
				FE769FE11B4F796E0097A2F9 /* Sources */,
				FE769FE21B4F796E0097A2F9 /* Frameworks */,
				FE769FE31B4F796E0097A2F9 /* Resources */,
			);
			buildRules = (
			);
			dependencies = (
			);
			name = gittest;
			productName = gittest;
			productReference = FE769FE51B4F796E0097A2F9 /* gittest.app */;
			productType = "com.apple.product-type.application";
		};
		FE769FFC1B4F796E0097A2F9 /* gittestTests */ = {
			isa = PBXNativeTarget;
			buildConfigurationList = FE76A00A1B4F796E0097A2F9 /* Build configuration list for PBXNativeTarget "gittestTests" */;
			buildPhases = (
				FE769FF91B4F796E0097A2F9 /* Sources */,
				FE769FFA1B4F796E0097A2F9 /* Frameworks */,
				FE769FFB1B4F796E0097A2F9 /* Resources */,
			);
			buildRules = (
			);
			dependencies = (
				FE769FFF1B4F796E0097A2F9 /* PBXTargetDependency */,
			);
			name = gittestTests;
			productName = gittestTests;
			productReference = FE769FFD1B4F796E0097A2F9 /* gittestTests.xctest */;
			productType = "com.apple.product-type.bundle.unit-test";
		};
/* End PBXNativeTarget section */

/* Begin PBXProject section */
		FE769FDD1B4F796E0097A2F9 /* Project object */ = {
			isa = PBXProject;
			attributes = {
				LastUpgradeCheck = 0640;
				ORGANIZATIONNAME = zuiyouqu;
				TargetAttributes = {
					FE769FE41B4F796E0097A2F9 = {
						CreatedOnToolsVersion = 6.4;
					};
					FE769FFC1B4F796E0097A2F9 = {
						CreatedOnToolsVersion = 6.4;
						TestTargetID = FE769FE41B4F796E0097A2F9;
					};
				};
			};
			buildConfigurationList = FE769FE01B4F796E0097A2F9 /* Build configuration list for PBXProject "gittest" */;
			compatibilityVersion = "Xcode 3.2";
			developmentRegion = English;
			hasScannedForEncodings = 0;
			knownRegions = (
				en,
				Base,
			);
			mainGroup = FE769FDC1B4F796E0097A2F9;
			productRefGroup = FE769FE61B4F796E0097A2F9 /* Products */;
			projectDirPath = "";
			projectRoot = "";
			targets = (
				FE769FE41B4F796E0097A2F9 /* gittest */,
				FE769FFC1B4F796E0097A2F9 /* gittestTests */,
			);
		};
/* End PBXProject section */

/* Begin PBXResourcesBuildPhase section */
		FE769FE31B4F796E0097A2F9 /* Resources */ = {
			isa = PBXResourcesBuildPhase;
			buildActionMask = 2147483647;
			files = (
				FE769FF31B4F796E0097A2F9 /* Main.storyboard in Resources */,
				FE769FF81B4F796E0097A2F9 /* LaunchScreen.xib in Resources */,
				FE769FF51B4F796E0097A2F9 /* Images.xcassets in Resources */,
			);
			runOnlyForDeploymentPostprocessing = 0;
		};
		FE769FFB1B4F796E0097A2F9 /* Resources */ = {
			isa = PBXResourcesBuildPhase;
			buildActionMask = 2147483647;
			files = (
			);
			runOnlyForDeploymentPostprocessing = 0;
		};
/* End PBXResourcesBuildPhase section */

/* Begin PBXSourcesBuildPhase section */
		FE769FE11B4F796E0097A2F9 /* Sources */ = {
			isa = PBXSourcesBuildPhase;
			buildActionMask = 2147483647;
			files = (
				FE769FF01B4F796E0097A2F9 /* ViewController.swift in Sources */,
				FE769FEE1B4F796E0097A2F9 /* gittest.xcdatamodeld in Sources */,
				FE769FEB1B4F796E0097A2F9 /* AppDelegate.swift in Sources */,
			);
			runOnlyForDeploymentPostprocessing = 0;
		};
		FE769FF91B4F796E0097A2F9 /* Sources */ = {
			isa = PBXSourcesBuildPhase;
			buildActionMask = 2147483647;
			files = (
				FE76A0041B4F796E0097A2F9 /* gittestTests.swift in Sources */,
			);
			runOnlyForDeploymentPostprocessing = 0;
		};
/* End PBXSourcesBuildPhase section */

/* Begin PBXTargetDependency section */
		FE769FFF1B4F796E0097A2F9 /* PBXTargetDependency */ = {
			isa = PBXTargetDependency;
			target = FE769FE41B4F796E0097A2F9 /* gittest */;
			targetProxy = FE769FFE1B4F796E0097A2F9 /* PBXContainerItemProxy */;
		};
/* End PBXTargetDependency section */

/* Begin PBXVariantGroup section */
		FE769FF11B4F796E0097A2F9 /* Main.storyboard */ = {
			isa = PBXVariantGroup;
			children = (
				FE769FF21B4F796E0097A2F9 /* Base */,
			);
			name = Main.storyboard;
			sourceTree = "<group>";
		};
		FE769FF61B4F796E0097A2F9 /* LaunchScreen.xib */ = {
			isa = PBXVariantGroup;
			children = (
				FE769FF71B4F796E0097A2F9 /* Base */,
			);
			name = LaunchScreen.xib;
			sourceTree = "<group>";
		};
/* End PBXVariantGroup section */

/* Begin XCBuildConfiguration section */
		FE76A0051B4F796E0097A2F9 /* Debug */ = {
			isa = XCBuildConfiguration;
			buildSettings = {
				ALWAYS_SEARCH_USER_PATHS = NO;
				CLANG_CXX_LANGUAGE_STANDARD = "gnu++0x";
				CLANG_CXX_LIBRARY = "libc++";
				CLANG_ENABLE_MODULES = YES;
				CLANG_ENABLE_OBJC_ARC = YES;
				CLANG_WARN_BOOL_CONVERSION = YES;
				CLANG_WARN_CONSTANT_CONVERSION = YES;
				CLANG_WARN_DIRECT_OBJC_ISA_USAGE = YES_ERROR;
				CLANG_WARN_EMPTY_BODY = YES;
				CLANG_WARN_ENUM_CONVERSION = YES;
				CLANG_WARN_INT_CONVERSION = YES;
				CLANG_WARN_OBJC_ROOT_CLASS = YES_ERROR;
				CLANG_WARN_UNREACHABLE_CODE = YES;
				CLANG_WARN__DUPLICATE_METHOD_MATCH = YES;
				"CODE_SIGN_IDENTITY[sdk=iphoneos*]" = "iPhone Developer";
				COPY_PHASE_STRIP = NO;
				DEBUG_INFORMATION_FORMAT = "dwarf-with-dsym";
				ENABLE_STRICT_OBJC_MSGSEND = YES;
				GCC_C_LANGUAGE_STANDARD = gnu99;
				GCC_DYNAMIC_NO_PIC = NO;
				GCC_NO_COMMON_BLOCKS = YES;
				GCC_OPTIMIZATION_LEVEL = 0;
				GCC_PREPROCESSOR_DEFINITIONS = (
					"DEBUG=1",
					"$(inherited)",
				);
				GCC_SYMBOLS_PRIVATE_EXTERN = NO;
				GCC_WARN_64_TO_32_BIT_CONVERSION = YES;
				GCC_WARN_ABOUT_RETURN_TYPE = YES_ERROR;
				GCC_WARN_UNDECLARED_SELECTOR = YES;
				GCC_WARN_UNINITIALIZED_AUTOS = YES_AGGRESSIVE;
				GCC_WARN_UNUSED_FUNCTION = YES;
				GCC_WARN_UNUSED_VARIABLE = YES;
				IPHONEOS_DEPLOYMENT_TARGET = 8.4;
				MTL_ENABLE_DEBUG_INFO = YES;
				ONLY_ACTIVE_ARCH = YES;
				SDKROOT = iphoneos;
				SWIFT_OPTIMIZATION_LEVEL = "-Onone";
			};
			name = Debug;
		};
		FE76A0061B4F796E0097A2F9 /* Release */ = {
			isa = XCBuildConfiguration;
			buildSettings = {
				ALWAYS_SEARCH_USER_PATHS = NO;
				CLANG_CXX_LANGUAGE_STANDARD = "gnu++0x";
				CLANG_CXX_LIBRARY = "libc++";
				CLANG_ENABLE_MODULES = YES;
				CLANG_ENABLE_OBJC_ARC = YES;
				CLANG_WARN_BOOL_CONVERSION = YES;
				CLANG_WARN_CONSTANT_CONVERSION = YES;
				CLANG_WARN_DIRECT_OBJC_ISA_USAGE = YES_ERROR;
				CLANG_WARN_EMPTY_BODY = YES;
				CLANG_WARN_ENUM_CONVERSION = YES;
				CLANG_WARN_INT_CONVERSION = YES;
				CLANG_WARN_OBJC_ROOT_CLASS = YES_ERROR;
				CLANG_WARN_UNREACHABLE_CODE = YES;
				CLANG_WARN__DUPLICATE_METHOD_MATCH = YES;
				"CODE_SIGN_IDENTITY[sdk=iphoneos*]" = "iPhone Developer";
				COPY_PHASE_STRIP = NO;
				DEBUG_INFORMATION_FORMAT = "dwarf-with-dsym";
				ENABLE_NS_ASSERTIONS = NO;
				ENABLE_STRICT_OBJC_MSGSEND = YES;
				GCC_C_LANGUAGE_STANDARD = gnu99;
				GCC_NO_COMMON_BLOCKS = YES;
				GCC_WARN_64_TO_32_BIT_CONVERSION = YES;
				GCC_WARN_ABOUT_RETURN_TYPE = YES_ERROR;
				GCC_WARN_UNDECLARED_SELECTOR = YES;
				GCC_WARN_UNINITIALIZED_AUTOS = YES_AGGRESSIVE;
				GCC_WARN_UNUSED_FUNCTION = YES;
				GCC_WARN_UNUSED_VARIABLE = YES;
				IPHONEOS_DEPLOYMENT_TARGET = 8.4;
				MTL_ENABLE_DEBUG_INFO = NO;
				SDKROOT = iphoneos;
				VALIDATE_PRODUCT = YES;
			};
			name = Release;
		};
		FE76A0081B4F796E0097A2F9 /* Debug */ = {
			isa = XCBuildConfiguration;
			buildSettings = {
				ASSETCATALOG_COMPILER_APPICON_NAME = AppIcon;
				INFOPLIST_FILE = gittest/Info.plist;
				LD_RUNPATH_SEARCH_PATHS = "$(inherited) @executable_path/Frameworks";
				PRODUCT_NAME = "$(TARGET_NAME)";
			};
			name = Debug;
		};
		FE76A0091B4F796E0097A2F9 /* Release */ = {
			isa = XCBuildConfiguration;
			buildSettings = {
				ASSETCATALOG_COMPILER_APPICON_NAME = AppIcon;
				INFOPLIST_FILE = gittest/Info.plist;
				LD_RUNPATH_SEARCH_PATHS = "$(inherited) @executable_path/Frameworks";
				PRODUCT_NAME = "$(TARGET_NAME)";
			};
			name = Release;
		};
		FE76A00B1B4F796E0097A2F9 /* Debug */ = {
			isa = XCBuildConfiguration;
			buildSettings = {
				BUNDLE_LOADER = "$(TEST_HOST)";
				FRAMEWORK_SEARCH_PATHS = (
					"$(SDKROOT)/Developer/Library/Frameworks",
					"$(inherited)",
				);
				GCC_PREPROCESSOR_DEFINITIONS = (
					"DEBUG=1",
					"$(inherited)",
				);
				INFOPLIST_FILE = gittestTests/Info.plist;
				LD_RUNPATH_SEARCH_PATHS = "$(inherited) @executable_path/Frameworks @loader_path/Frameworks";
				PRODUCT_NAME = "$(TARGET_NAME)";
				TEST_HOST = "$(BUILT_PRODUCTS_DIR)/gittest.app/gittest";
			};
			name = Debug;
		};
		FE76A00C1B4F796E0097A2F9 /* Release */ = {
			isa = XCBuildConfiguration;
			buildSettings = {
				BUNDLE_LOADER = "$(TEST_HOST)";
				FRAMEWORK_SEARCH_PATHS = (
					"$(SDKROOT)/Developer/Library/Frameworks",
					"$(inherited)",
				);
				INFOPLIST_FILE = gittestTests/Info.plist;
				LD_RUNPATH_SEARCH_PATHS = "$(inherited) @executable_path/Frameworks @loader_path/Frameworks";
				PRODUCT_NAME = "$(TARGET_NAME)";
				TEST_HOST = "$(BUILT_PRODUCTS_DIR)/gittest.app/gittest";
			};
			name = Release;
		};
/* End XCBuildConfiguration section */

/* Begin XCConfigurationList section */
		FE769FE01B4F796E0097A2F9 /* Build configuration list for PBXProject "gittest" */ = {
			isa = XCConfigurationList;
			buildConfigurations = (
				FE76A0051B4F796E0097A2F9 /* Debug */,
				FE76A0061B4F796E0097A2F9 /* Release */,
			);
			defaultConfigurationIsVisible = 0;
			defaultConfigurationName = Release;
		};
		FE76A0071B4F796E0097A2F9 /* Build configuration list for PBXNativeTarget "gittest" */ = {
			isa = XCConfigurationList;
			buildConfigurations = (
				FE76A0081B4F796E0097A2F9 /* Debug */,
				FE76A0091B4F796E0097A2F9 /* Release */,
			);
			defaultConfigurationIsVisible = 0;
		};
		FE76A00A1B4F796E0097A2F9 /* Build configuration list for PBXNativeTarget "gittestTests" */ = {
			isa = XCConfigurationList;
			buildConfigurations = (
				FE76A00B1B4F796E0097A2F9 /* Debug */,
				FE76A00C1B4F796E0097A2F9 /* Release */,
			);
			defaultConfigurationIsVisible = 0;
		};
/* End XCConfigurationList section */

/* Begin XCVersionGroup section */
		FE769FEC1B4F796E0097A2F9 /* gittest.xcdatamodeld */ = {
			isa = XCVersionGroup;
			children = (
				FE769FED1B4F796E0097A2F9 /* gittest.xcdatamodel */,
			);
			currentVersion = FE769FED1B4F796E0097A2F9 /* gittest.xcdatamodel */;
			path = gittest.xcdatamodeld;
			sourceTree = "<group>";
			versionGroupType = wrapper.xcdatamodel;
		};
/* End XCVersionGroup section */
	};
	rootObject = FE769FDD1B4F796E0097A2F9 /* Project object */;
}
